
Microsoft Visual Studio Solution File, Format Version 12.00
# Visual Studio Version 17
VisualStudioVersion = 17.3.32825.248
MinimumVisualStudioVersion = 10.0.40219.1
Project("{9A19103F-16F7-4668-BE54-9A1E7A4F7556}") = "WebApplicationClient", "WebApplicationClient.csproj", "{0360D623-0764-40B6-83F9-0E54A364B076}"
EndProject
Project("{FAE04EC0-301F-11D3-BF4B-00C04F79EFBC}") = "DataAccessEF", "..\DataAccessEF\DataAccessEF.csproj", "{573E7902-23D8-405C-8E76-8C7431F217FD}"
EndProject
Project("{FAE04EC0-301F-11D3-BF4B-00C04F79EFBC}") = "Domain", "..\Domain\Domain.csproj", "{72A58C3E-7C52-46F4-8A21-9198B4B45941}"
EndProject
Global
	GlobalSection(SolutionConfigurationPlatforms) = preSolution
		Debug|Any CPU = Debug|Any CPU
		Release|Any CPU = Release|Any CPU
	EndGlobalSection
	GlobalSection(ProjectConfigurationPlatforms) = postSolution
		{0360D623-0764-40B6-83F9-0E54A364B076}.Debug|Any CPU.ActiveCfg = Debug|Any CPU
		{0360D623-0764-40B6-83F9-0E54A364B076}.Debug|Any CPU.Build.0 = Debug|Any CPU
		{0360D623-0764-40B6-83F9-0E54A364B076}.Release|Any CPU.ActiveCfg = Release|Any CPU
		{0360D623-0764-40B6-83F9-0E54A364B076}.Release|Any CPU.Build.0 = Release|Any CPU
		{573E7902-23D8-405C-8E76-8C7431F217FD}.Debug|Any CPU.ActiveCfg = Debug|Any CPU
		{573E7902-23D8-405C-8E76-8C7431F217FD}.Debug|Any CPU.Build.0 = Debug|Any CPU
		{573E7902-23D8-405C-8E76-8C7431F217FD}.Release|Any CPU.ActiveCfg = Release|Any CPU
		{573E7902-23D8-405C-8E76-8C7431F217FD}.Release|Any CPU.Build.0 = Release|Any CPU
		{72A58C3E-7C52-46F4-8A21-9198B4B45941}.Debug|Any CPU.ActiveCfg = Debug|Any CPU
		{72A58C3E-7C52-46F4-8A21-9198B4B45941}.Debug|Any CPU.Build.0 = Debug|Any CPU
		{72A58C3E-7C52-46F4-8A21-9198B4B45941}.Release|Any CPU.ActiveCfg = Release|Any CPU
		{72A58C3E-7C52-46F4-8A21-9198B4B45941}.Release|Any CPU.Build.0 = Release|Any CPU
	EndGlobalSection
	GlobalSection(SolutionProperties) = preSolution
		HideSolutionNode = FALSE
	EndGlobalSection
	GlobalSection(ExtensibilityGlobals) = postSolution
		SolutionGuid = {545B1969-8BC6-4D56-B2F2-3D2E5AF017AC}
	EndGlobalSection
EndGlobal
